{
  "name": "demo-lunr",
  "version": "1.0.0",
  "lockfileVersion": 1,
  "requires": true,
  "dependencies": {
    "lunr": {
      "version": "2.3.7",
      "resolved": "https://registry.npmjs.org/lunr/-/lunr-2.3.7.tgz",
      "integrity": "sha512-HjFSiy0Y0qZoW5OA1I6qBi7OnsDdqQnaUr03jhorh30maQoaP+4lQCKklYE3Nq3WJMSUfuBl6N+bKY5wxCb9hw=="
    }
  }
}
